<?xml version="1.0" encoding="utf-8"?>
<Project ToolsVersion="4.0" xmlns="http://schemas.microsoft.com/developer/msbuild/2003">
  <ItemGroup>
    <Filter Include="Source Files">
      <UniqueIdentifier>{4FC737F1-C7A5-4376-A066-2A32D752A2FF}</UniqueIdentifier>
      <Extensions>cpp;c;cc;cxx;c++;cppm;ixx;def;odl;idl;hpj;bat;asm;asmx</Extensions>
    </Filter>
    <Filter Include="Header Files">
      <UniqueIdentifier>{93995380-89BD-4b04-88EB-625FBE52EBFB}</UniqueIdentifier>
      <Extensions>h;hh;hpp;hxx;h++;hm;inl;inc;ipp;xsd</Extensions>
    </Filter>
    <Filter Include="Resource Files">
      <UniqueIdentifier>{67DA6AB6-F800-4c08-8B7A-83BB121AAD01}</UniqueIdentifier>
      <Extensions>rc;ico;cur;bmp;dlg;rc2;rct;bin;rgs;gif;jpg;jpeg;jpe;resx;tiff;tif;png;wav;mfcribbon-ms</Extensions>
    </Filter>
  </ItemGroup>
  <ItemGroup>
    <ClCompile Include="Source.c">
      <Filter>Source Files</Filter>
    </ClCompile>
    <ClCompile Include="55_Jump_Game.c">
      <Filter>Source Files</Filter>
    </ClCompile>
    <ClCompile Include="868_Binary_Gap.c">
      <Filter>Source Files</Filter>
    </ClCompile>
    <ClCompile Include="189_CyclicRotation.c">
      <Filter>Source Files</Filter>
    </ClCompile>
    <ClCompile Include="136_OddOccurrencesInArray.c">
      <Filter>Source Files</Filter>
    </ClCompile>
    <ClCompile Include="PermCheck.c">
      <Filter>Source Files</Filter>
    </ClCompile>
    <ClCompile Include="1941_MaxCounters.c">
      <Filter>Source Files</Filter>
    </ClCompile>
    <ClCompile Include="41_MissingInteger.c">
      <Filter>Source Files</Filter>
    </ClCompile>
    <ClCompile Include="PassingCar.c">
      <Filter>Source Files</Filter>
    </ClCompile>
    <ClCompile Include="CountDiv.c">
      <Filter>Source Files</Filter>
    </ClCompile>
    <ClCompile Include="GenomicRangeQuery.c">
      <Filter>Source Files</Filter>
    </ClCompile>
    <ClCompile Include="DistinctNum.c">
      <Filter>Source Files</Filter>
    </ClCompile>
    <ClCompile Include="Triangle.c">
      <Filter>Source Files</Filter>
    </ClCompile>
    <ClCompile Include="CheckBrackets.c">
      <Filter>Source Files</Filter>
    </ClCompile>
    <ClCompile Include="StoneWall.c">
      <Filter>Source Files</Filter>
    </ClCompile>
    <ClCompile Include="Dominator.c">
      <Filter>Source Files</Filter>
    </ClCompile>
    <ClCompile Include="maxprofit.c">
      <Filter>Source Files</Filter>
    </ClCompile>
    <ClCompile Include="MaxSliceSum.c">
      <Filter>Source Files</Filter>
    </ClCompile>
    <ClCompile Include="MaxDoubleSliceSum.c">
      <Filter>Source Files</Filter>
    </ClCompile>
    <ClCompile Include="CountFactor.c">
      <Filter>Source Files</Filter>
    </ClCompile>
    <ClCompile Include="MinPerimeterRectangle.c">
      <Filter>Source Files</Filter>
    </ClCompile>
    <ClCompile Include="flag.c">
      <Filter>Source Files</Filter>
    </ClCompile>
    <ClCompile Include="CountNonDivisible.c">
      <Filter>Source Files</Filter>
    </ClCompile>
    <ClCompile Include="ChocolatesByNumbers.c">
      <Filter>Source Files</Filter>
    </ClCompile>
    <ClCompile Include="CommonPrimeDivisor.c">
      <Filter>Source Files</Filter>
    </ClCompile>
    <ClCompile Include="21_mergeTwoLists.c">
      <Filter>Source Files</Filter>
    </ClCompile>
    <ClCompile Include="max.c">
      <Filter>Source Files</Filter>
    </ClCompile>
    <ClCompile Include="printarray.c">
      <Filter>Source Files</Filter>
    </ClCompile>
    <ClCompile Include="List.c">
      <Filter>Source Files</Filter>
    </ClCompile>
  </ItemGroup>
  <ItemGroup>
    <ClInclude Include="55_Jump_Game.h">
      <Filter>Header Files</Filter>
    </ClInclude>
    <ClInclude Include="main.h">
      <Filter>Header Files</Filter>
    </ClInclude>
    <ClInclude Include="List.h">
      <Filter>Header Files</Filter>
    </ClInclude>
    <ClInclude Include="max.h">
      <Filter>Header Files</Filter>
    </ClInclude>
    <ClInclude Include="printarray.h">
      <Filter>Header Files</Filter>
    </ClInclude>
  </ItemGroup>
</Project>